
Microsoft Visual Studio Solution File, Format Version 12.00
# Visual Studio Version 16
VisualStudioVersion = 16.0.29709.97
MinimumVisualStudioVersion = 10.0.40219.1
Project("{FAE04EC0-301F-11D3-BF4B-00C04F79EFBC}") = "JarnoTilausDB", "JarnoTilausDB\JarnoTilausDB.csproj", "{B2403B88-3609-4F09-BF7F-F266E858E5FF}"
EndProject
Global
	GlobalSection(SolutionConfigurationPlatforms) = preSolution
		Debug|Any CPU = Debug|Any CPU
		Release|Any CPU = Release|Any CPU
	EndGlobalSection
	GlobalSection(ProjectConfigurationPlatforms) = postSolution
		{B2403B88-3609-4F09-BF7F-F266E858E5FF}.Debug|Any CPU.ActiveCfg = Debug|Any CPU
		{B2403B88-3609-4F09-BF7F-F266E858E5FF}.Debug|Any CPU.Build.0 = Debug|Any CPU
		{B2403B88-3609-4F09-BF7F-F266E858E5FF}.Release|Any CPU.ActiveCfg = Release|Any CPU
		{B2403B88-3609-4F09-BF7F-F266E858E5FF}.Release|Any CPU.Build.0 = Release|Any CPU
	EndGlobalSection
	GlobalSection(SolutionProperties) = preSolution
		HideSolutionNode = FALSE
	EndGlobalSection
	GlobalSection(ExtensibilityGlobals) = postSolution
		SolutionGuid = {5F449B59-3844-4899-A5E6-F2A2EE737990}
	EndGlobalSection
EndGlobal
